{
  "name": "shabados-core--backend",
  "version": "1.0.0",
  "lockfileVersion": 1,
  "requires": true,
  "dependencies": {
    "@std/esm": {
      "version": "0.19.1",
      "resolved": "https://registry.npmjs.org/@std/esm/-/esm-0.19.1.tgz",
      "integrity": "sha512-4Ph4hdaDIkt5sChK565oU16Wa9jcBwLbiNAMEB6fyQZlBw5uz3UpxTo/ZohjeILgJfNtb/l1HzVql1ys5s74Ww=="
    }
  }
}
